
Microsoft Visual Studio Solution File, Format Version 12.00
# Visual Studio 15
Project("{2150E333-8FDC-42A3-9474-1A3956D46DE8}") = "CMakePredefinedTargets", "CMakePredefinedTargets", "{5678FD15-9D47-3826-9ED4-BA1CC0FC2B5C}"
EndProject
Project("{2150E333-8FDC-42A3-9474-1A3956D46DE8}") = "CTestDashboardTargets", "CTestDashboardTargets", "{24A94FD7-72DD-39BA-A6FE-56FC2D372FAD}"
EndProject
Project("{2150E333-8FDC-42A3-9474-1A3956D46DE8}") = "GLFW3", "GLFW3", "{7E15EED8-7B67-3E0C-B0E9-1B5498C6C81D}"
EndProject
Project("{2150E333-8FDC-42A3-9474-1A3956D46DE8}") = "ext", "ext", "{C1D53C8E-8857-303C-9B51-09FB1F886D29}"
EndProject
Project("{2150E333-8FDC-42A3-9474-1A3956D46DE8}") = "OpenEXR", "ext\OpenEXR", "{1B005012-32A2-3DC3-B10D-D698BFDE02B1}"
EndProject
Project("{2150E333-8FDC-42A3-9474-1A3956D46DE8}") = "ptex", "ext\ptex", "{CC173F23-21C6-36EF-9491-A60A5A07C92D}"
EndProject
Project("{8BC9CEB8-8B4A-11D0-8D11-00A0C91BC942}") = "ALL_BUILD", "ALL_BUILD.vcxproj", "{CBD67171-1EE3-3515-A7E4-2CF5D903A4D5}"
	ProjectSection(ProjectDependencies) = postProject
		{23EC26B1-0948-3950-B4E0-597D5C3C2E91} = {23EC26B1-0948-3950-B4E0-597D5C3C2E91}
		{C3473EBD-7992-3480-9CA2-CB9CF858CAB1} = {C3473EBD-7992-3480-9CA2-CB9CF858CAB1}
		{84A36E8E-89AD-32C8-B28B-E955E4D4B26E} = {84A36E8E-89AD-32C8-B28B-E955E4D4B26E}
		{54A87C44-9468-32C9-8642-8A1A465E74EC} = {54A87C44-9468-32C9-8642-8A1A465E74EC}
		{C7E66D0D-AE8F-3078-BAA3-D99F4C41ACB3} = {C7E66D0D-AE8F-3078-BAA3-D99F4C41ACB3}
		{49B6DD27-752B-38BA-868C-16E54ACADC35} = {49B6DD27-752B-38BA-868C-16E54ACADC35}
		{3D02A7A3-0B2E-357A-A040-08FE07F5BF7F} = {3D02A7A3-0B2E-357A-A040-08FE07F5BF7F}
		{C2D9E3E8-B08F-3722-BA94-362A3CB87782} = {C2D9E3E8-B08F-3722-BA94-362A3CB87782}
		{499D31D5-25B8-369D-A3E5-EDCE668E6D68} = {499D31D5-25B8-369D-A3E5-EDCE668E6D68}
		{BDD137DF-B7DD-3818-AED6-973409ADC796} = {BDD137DF-B7DD-3818-AED6-973409ADC796}
		{D10CFEC2-F279-3615-A924-265341F754CE} = {D10CFEC2-F279-3615-A924-265341F754CE}
		{4CC59164-B6EF-3189-A875-2F7375D8E116} = {4CC59164-B6EF-3189-A875-2F7375D8E116}
		{BB01C424-C260-3069-939F-5E57A37717CD} = {BB01C424-C260-3069-939F-5E57A37717CD}
		{F1C40E49-E1DF-3C01-89CE-9016BFA42985} = {F1C40E49-E1DF-3C01-89CE-9016BFA42985}
		{7D4E33B4-9DC6-3818-999E-68F9D405B38C} = {7D4E33B4-9DC6-3818-999E-68F9D405B38C}
		{EC60C56C-EE1C-3ADE-BFD7-82263B281B4F} = {EC60C56C-EE1C-3ADE-BFD7-82263B281B4F}
		{95C4CA1F-2CE0-374D-A1D3-D1933E9A93F8} = {95C4CA1F-2CE0-374D-A1D3-D1933E9A93F8}
		{FB6015D5-45ED-3C70-996A-6D66194546E5} = {FB6015D5-45ED-3C70-996A-6D66194546E5}
		{8765F090-B0CD-3425-AB53-2D1FDAE9CCD0} = {8765F090-B0CD-3425-AB53-2D1FDAE9CCD0}
		{FF89EA08-C59E-3DF6-94EA-4A868B466789} = {FF89EA08-C59E-3DF6-94EA-4A868B466789}
		{2763DD81-356D-33DD-8561-43AE51DE34CE} = {2763DD81-356D-33DD-8561-43AE51DE34CE}
		{F774F08B-181B-35A3-B71F-860EBEFE2E46} = {F774F08B-181B-35A3-B71F-860EBEFE2E46}
		{617A0FFB-3BB2-3E68-A06A-E396F273EC53} = {617A0FFB-3BB2-3E68-A06A-E396F273EC53}
		{F9594EF5-9FE6-3296-A252-35DAC21E4B0E} = {F9594EF5-9FE6-3296-A252-35DAC21E4B0E}
		{64707058-FE44-37BA-8986-0A084AAEADAF} = {64707058-FE44-37BA-8986-0A084AAEADAF}
		{41F27C94-1069-3D4C-9DE7-D65D02BE328F} = {41F27C94-1069-3D4C-9DE7-D65D02BE328F}
		{46EBA5CD-D50B-37B4-A77F-9BD5C6063206} = {46EBA5CD-D50B-37B4-A77F-9BD5C6063206}
		{77F9C542-F40B-34B0-90CD-77FAEF722D51} = {77F9C542-F40B-34B0-90CD-77FAEF722D51}
	EndProjectSection
EndProject
Project("{8BC9CEB8-8B4A-11D0-8D11-00A0C91BC942}") = "Continuous", "openexr\Continuous.vcxproj", "{5BC93805-D808-3D73-85B9-87464BAFDEFE}"
	ProjectSection(ProjectDependencies) = postProject
		{7D4E33B4-9DC6-3818-999E-68F9D405B38C} = {7D4E33B4-9DC6-3818-999E-68F9D405B38C}
	EndProjectSection
EndProject
Project("{8BC9CEB8-8B4A-11D0-8D11-00A0C91BC942}") = "Experimental", "openexr\Experimental.vcxproj", "{30EE4850-1DC7-3A52-B81A-8B7E929139D0}"
	ProjectSection(ProjectDependencies) = postProject
		{7D4E33B4-9DC6-3818-999E-68F9D405B38C} = {7D4E33B4-9DC6-3818-999E-68F9D405B38C}
	EndProjectSection
EndProject
Project("{8BC9CEB8-8B4A-11D0-8D11-00A0C91BC942}") = "Half", "openexr\IlmBase\Half\Half.vcxproj", "{23EC26B1-0948-3950-B4E0-597D5C3C2E91}"
	ProjectSection(ProjectDependencies) = postProject
		{7D4E33B4-9DC6-3818-999E-68F9D405B38C} = {7D4E33B4-9DC6-3818-999E-68F9D405B38C}
	EndProjectSection
EndProject
Project("{8BC9CEB8-8B4A-11D0-8D11-00A0C91BC942}") = "HalfTest", "openexr\IlmBase\HalfTest\HalfTest.vcxproj", "{C3473EBD-7992-3480-9CA2-CB9CF858CAB1}"
	ProjectSection(ProjectDependencies) = postProject
		{23EC26B1-0948-3950-B4E0-597D5C3C2E91} = {23EC26B1-0948-3950-B4E0-597D5C3C2E91}
		{7D4E33B4-9DC6-3818-999E-68F9D405B38C} = {7D4E33B4-9DC6-3818-999E-68F9D405B38C}
	EndProjectSection
EndProject
Project("{8BC9CEB8-8B4A-11D0-8D11-00A0C91BC942}") = "INSTALL", "INSTALL.vcxproj", "{BC109823-7CA4-313C-9575-E148CCD07617}"
	ProjectSection(ProjectDependencies) = postProject
		{CBD67171-1EE3-3515-A7E4-2CF5D903A4D5} = {CBD67171-1EE3-3515-A7E4-2CF5D903A4D5}
		{7D4E33B4-9DC6-3818-999E-68F9D405B38C} = {7D4E33B4-9DC6-3818-999E-68F9D405B38C}
	EndProjectSection
EndProject
Project("{8BC9CEB8-8B4A-11D0-8D11-00A0C91BC942}") = "Iex", "openexr\IlmBase\Iex\Iex.vcxproj", "{84A36E8E-89AD-32C8-B28B-E955E4D4B26E}"
	ProjectSection(ProjectDependencies) = postProject
		{7D4E33B4-9DC6-3818-999E-68F9D405B38C} = {7D4E33B4-9DC6-3818-999E-68F9D405B38C}
	EndProjectSection
EndProject
Project("{8BC9CEB8-8B4A-11D0-8D11-00A0C91BC942}") = "IexMath", "openexr\IlmBase\IexMath\IexMath.vcxproj", "{54A87C44-9468-32C9-8642-8A1A465E74EC}"
	ProjectSection(ProjectDependencies) = postProject
		{84A36E8E-89AD-32C8-B28B-E955E4D4B26E} = {84A36E8E-89AD-32C8-B28B-E955E4D4B26E}
		{7D4E33B4-9DC6-3818-999E-68F9D405B38C} = {7D4E33B4-9DC6-3818-999E-68F9D405B38C}
	EndProjectSection
EndProject
Project("{8BC9CEB8-8B4A-11D0-8D11-00A0C91BC942}") = "IexTest", "openexr\IlmBase\IexTest\IexTest.vcxproj", "{C7E66D0D-AE8F-3078-BAA3-D99F4C41ACB3}"
	ProjectSection(ProjectDependencies) = postProject
		{84A36E8E-89AD-32C8-B28B-E955E4D4B26E} = {84A36E8E-89AD-32C8-B28B-E955E4D4B26E}
		{7D4E33B4-9DC6-3818-999E-68F9D405B38C} = {7D4E33B4-9DC6-3818-999E-68F9D405B38C}
	EndProjectSection
EndProject
Project("{8BC9CEB8-8B4A-11D0-8D11-00A0C91BC942}") = "IlmImf", "openexr\OpenEXR\IlmImf\IlmImf.vcxproj", "{49B6DD27-752B-38BA-868C-16E54ACADC35}"
	ProjectSection(ProjectDependencies) = postProject
		{23EC26B1-0948-3950-B4E0-597D5C3C2E91} = {23EC26B1-0948-3950-B4E0-597D5C3C2E91}
		{84A36E8E-89AD-32C8-B28B-E955E4D4B26E} = {84A36E8E-89AD-32C8-B28B-E955E4D4B26E}
		{54A87C44-9468-32C9-8642-8A1A465E74EC} = {54A87C44-9468-32C9-8642-8A1A465E74EC}
		{D10CFEC2-F279-3615-A924-265341F754CE} = {D10CFEC2-F279-3615-A924-265341F754CE}
		{4CC59164-B6EF-3189-A875-2F7375D8E116} = {4CC59164-B6EF-3189-A875-2F7375D8E116}
		{7D4E33B4-9DC6-3818-999E-68F9D405B38C} = {7D4E33B4-9DC6-3818-999E-68F9D405B38C}
		{77F9C542-F40B-34B0-90CD-77FAEF722D51} = {77F9C542-F40B-34B0-90CD-77FAEF722D51}
	EndProjectSection
EndProject
Project("{8BC9CEB8-8B4A-11D0-8D11-00A0C91BC942}") = "IlmImfExamples", "openexr\OpenEXR\IlmImfExamples\IlmImfExamples.vcxproj", "{3D02A7A3-0B2E-357A-A040-08FE07F5BF7F}"
	ProjectSection(ProjectDependencies) = postProject
		{23EC26B1-0948-3950-B4E0-597D5C3C2E91} = {23EC26B1-0948-3950-B4E0-597D5C3C2E91}
		{84A36E8E-89AD-32C8-B28B-E955E4D4B26E} = {84A36E8E-89AD-32C8-B28B-E955E4D4B26E}
		{54A87C44-9468-32C9-8642-8A1A465E74EC} = {54A87C44-9468-32C9-8642-8A1A465E74EC}
		{49B6DD27-752B-38BA-868C-16E54ACADC35} = {49B6DD27-752B-38BA-868C-16E54ACADC35}
		{D10CFEC2-F279-3615-A924-265341F754CE} = {D10CFEC2-F279-3615-A924-265341F754CE}
		{4CC59164-B6EF-3189-A875-2F7375D8E116} = {4CC59164-B6EF-3189-A875-2F7375D8E116}
		{7D4E33B4-9DC6-3818-999E-68F9D405B38C} = {7D4E33B4-9DC6-3818-999E-68F9D405B38C}
		{77F9C542-F40B-34B0-90CD-77FAEF722D51} = {77F9C542-F40B-34B0-90CD-77FAEF722D51}
	EndProjectSection
EndProject
Project("{8BC9CEB8-8B4A-11D0-8D11-00A0C91BC942}") = "IlmImfTest", "openexr\OpenEXR\IlmImfTest\IlmImfTest.vcxproj", "{C2D9E3E8-B08F-3722-BA94-362A3CB87782}"
	ProjectSection(ProjectDependencies) = postProject
		{23EC26B1-0948-3950-B4E0-597D5C3C2E91} = {23EC26B1-0948-3950-B4E0-597D5C3C2E91}
		{84A36E8E-89AD-32C8-B28B-E955E4D4B26E} = {84A36E8E-89AD-32C8-B28B-E955E4D4B26E}
		{54A87C44-9468-32C9-8642-8A1A465E74EC} = {54A87C44-9468-32C9-8642-8A1A465E74EC}
		{49B6DD27-752B-38BA-868C-16E54ACADC35} = {49B6DD27-752B-38BA-868C-16E54ACADC35}
		{D10CFEC2-F279-3615-A924-265341F754CE} = {D10CFEC2-F279-3615-A924-265341F754CE}
		{4CC59164-B6EF-3189-A875-2F7375D8E116} = {4CC59164-B6EF-3189-A875-2F7375D8E116}
		{7D4E33B4-9DC6-3818-999E-68F9D405B38C} = {7D4E33B4-9DC6-3818-999E-68F9D405B38C}
		{77F9C542-F40B-34B0-90CD-77FAEF722D51} = {77F9C542-F40B-34B0-90CD-77FAEF722D51}
	EndProjectSection
EndProject
Project("{8BC9CEB8-8B4A-11D0-8D11-00A0C91BC942}") = "IlmImfUtil", "openexr\OpenEXR\IlmImfUtil\IlmImfUtil.vcxproj", "{499D31D5-25B8-369D-A3E5-EDCE668E6D68}"
	ProjectSection(ProjectDependencies) = postProject
		{23EC26B1-0948-3950-B4E0-597D5C3C2E91} = {23EC26B1-0948-3950-B4E0-597D5C3C2E91}
		{84A36E8E-89AD-32C8-B28B-E955E4D4B26E} = {84A36E8E-89AD-32C8-B28B-E955E4D4B26E}
		{54A87C44-9468-32C9-8642-8A1A465E74EC} = {54A87C44-9468-32C9-8642-8A1A465E74EC}
		{49B6DD27-752B-38BA-868C-16E54ACADC35} = {49B6DD27-752B-38BA-868C-16E54ACADC35}
		{D10CFEC2-F279-3615-A924-265341F754CE} = {D10CFEC2-F279-3615-A924-265341F754CE}
		{4CC59164-B6EF-3189-A875-2F7375D8E116} = {4CC59164-B6EF-3189-A875-2F7375D8E116}
		{7D4E33B4-9DC6-3818-999E-68F9D405B38C} = {7D4E33B4-9DC6-3818-999E-68F9D405B38C}
		{77F9C542-F40B-34B0-90CD-77FAEF722D51} = {77F9C542-F40B-34B0-90CD-77FAEF722D51}
	EndProjectSection
EndProject
Project("{8BC9CEB8-8B4A-11D0-8D11-00A0C91BC942}") = "IlmImfUtilTest", "openexr\OpenEXR\IlmImfUtilTest\IlmImfUtilTest.vcxproj", "{BDD137DF-B7DD-3818-AED6-973409ADC796}"
	ProjectSection(ProjectDependencies) = postProject
		{23EC26B1-0948-3950-B4E0-597D5C3C2E91} = {23EC26B1-0948-3950-B4E0-597D5C3C2E91}
		{84A36E8E-89AD-32C8-B28B-E955E4D4B26E} = {84A36E8E-89AD-32C8-B28B-E955E4D4B26E}
		{54A87C44-9468-32C9-8642-8A1A465E74EC} = {54A87C44-9468-32C9-8642-8A1A465E74EC}
		{49B6DD27-752B-38BA-868C-16E54ACADC35} = {49B6DD27-752B-38BA-868C-16E54ACADC35}
		{499D31D5-25B8-369D-A3E5-EDCE668E6D68} = {499D31D5-25B8-369D-A3E5-EDCE668E6D68}
		{D10CFEC2-F279-3615-A924-265341F754CE} = {D10CFEC2-F279-3615-A924-265341F754CE}
		{4CC59164-B6EF-3189-A875-2F7375D8E116} = {4CC59164-B6EF-3189-A875-2F7375D8E116}
		{7D4E33B4-9DC6-3818-999E-68F9D405B38C} = {7D4E33B4-9DC6-3818-999E-68F9D405B38C}
		{77F9C542-F40B-34B0-90CD-77FAEF722D51} = {77F9C542-F40B-34B0-90CD-77FAEF722D51}
	EndProjectSection
EndProject
Project("{8BC9CEB8-8B4A-11D0-8D11-00A0C91BC942}") = "IlmThread", "openexr\IlmBase\IlmThread\IlmThread.vcxproj", "{D10CFEC2-F279-3615-A924-265341F754CE}"
	ProjectSection(ProjectDependencies) = postProject
		{84A36E8E-89AD-32C8-B28B-E955E4D4B26E} = {84A36E8E-89AD-32C8-B28B-E955E4D4B26E}
		{7D4E33B4-9DC6-3818-999E-68F9D405B38C} = {7D4E33B4-9DC6-3818-999E-68F9D405B38C}
	EndProjectSection
EndProject
Project("{8BC9CEB8-8B4A-11D0-8D11-00A0C91BC942}") = "Imath", "openexr\IlmBase\Imath\Imath.vcxproj", "{4CC59164-B6EF-3189-A875-2F7375D8E116}"
	ProjectSection(ProjectDependencies) = postProject
		{23EC26B1-0948-3950-B4E0-597D5C3C2E91} = {23EC26B1-0948-3950-B4E0-597D5C3C2E91}
		{84A36E8E-89AD-32C8-B28B-E955E4D4B26E} = {84A36E8E-89AD-32C8-B28B-E955E4D4B26E}
		{54A87C44-9468-32C9-8642-8A1A465E74EC} = {54A87C44-9468-32C9-8642-8A1A465E74EC}
		{7D4E33B4-9DC6-3818-999E-68F9D405B38C} = {7D4E33B4-9DC6-3818-999E-68F9D405B38C}
	EndProjectSection
EndProject
Project("{8BC9CEB8-8B4A-11D0-8D11-00A0C91BC942}") = "ImathTest", "openexr\IlmBase\ImathTest\ImathTest.vcxproj", "{BB01C424-C260-3069-939F-5E57A37717CD}"
	ProjectSection(ProjectDependencies) = postProject
		{23EC26B1-0948-3950-B4E0-597D5C3C2E91} = {23EC26B1-0948-3950-B4E0-597D5C3C2E91}
		{84A36E8E-89AD-32C8-B28B-E955E4D4B26E} = {84A36E8E-89AD-32C8-B28B-E955E4D4B26E}
		{54A87C44-9468-32C9-8642-8A1A465E74EC} = {54A87C44-9468-32C9-8642-8A1A465E74EC}
		{4CC59164-B6EF-3189-A875-2F7375D8E116} = {4CC59164-B6EF-3189-A875-2F7375D8E116}
		{7D4E33B4-9DC6-3818-999E-68F9D405B38C} = {7D4E33B4-9DC6-3818-999E-68F9D405B38C}
	EndProjectSection
EndProject
Project("{8BC9CEB8-8B4A-11D0-8D11-00A0C91BC942}") = "Nightly", "openexr\Nightly.vcxproj", "{D162FD07-458A-38D8-BE44-159C84A3B274}"
	ProjectSection(ProjectDependencies) = postProject
		{7D4E33B4-9DC6-3818-999E-68F9D405B38C} = {7D4E33B4-9DC6-3818-999E-68F9D405B38C}
	EndProjectSection
EndProject
Project("{8BC9CEB8-8B4A-11D0-8D11-00A0C91BC942}") = "NightlyMemoryCheck", "openexr\NightlyMemoryCheck.vcxproj", "{E543D57D-EF9D-3395-A962-D3F4B3605C66}"
	ProjectSection(ProjectDependencies) = postProject
		{7D4E33B4-9DC6-3818-999E-68F9D405B38C} = {7D4E33B4-9DC6-3818-999E-68F9D405B38C}
	EndProjectSection
EndProject
Project("{8BC9CEB8-8B4A-11D0-8D11-00A0C91BC942}") = "Ptex_static", "ptex\src\ptex\Ptex_static.vcxproj", "{F1C40E49-E1DF-3C01-89CE-9016BFA42985}"
	ProjectSection(ProjectDependencies) = postProject
		{7D4E33B4-9DC6-3818-999E-68F9D405B38C} = {7D4E33B4-9DC6-3818-999E-68F9D405B38C}
		{77F9C542-F40B-34B0-90CD-77FAEF722D51} = {77F9C542-F40B-34B0-90CD-77FAEF722D51}
	EndProjectSection
EndProject
Project("{8BC9CEB8-8B4A-11D0-8D11-00A0C91BC942}") = "ZERO_CHECK", "ZERO_CHECK.vcxproj", "{7D4E33B4-9DC6-3818-999E-68F9D405B38C}"
	ProjectSection(ProjectDependencies) = postProject
	EndProjectSection
EndProject
Project("{8BC9CEB8-8B4A-11D0-8D11-00A0C91BC942}") = "cctest", "double-conversion\test\cctest\cctest.vcxproj", "{EC60C56C-EE1C-3ADE-BFD7-82263B281B4F}"
	ProjectSection(ProjectDependencies) = postProject
		{7D4E33B4-9DC6-3818-999E-68F9D405B38C} = {7D4E33B4-9DC6-3818-999E-68F9D405B38C}
		{FB6015D5-45ED-3C70-996A-6D66194546E5} = {FB6015D5-45ED-3C70-996A-6D66194546E5}
	EndProjectSection
EndProject
Project("{8BC9CEB8-8B4A-11D0-8D11-00A0C91BC942}") = "deflate", "libdeflate\deflate.vcxproj", "{95C4CA1F-2CE0-374D-A1D3-D1933E9A93F8}"
	ProjectSection(ProjectDependencies) = postProject
		{7D4E33B4-9DC6-3818-999E-68F9D405B38C} = {7D4E33B4-9DC6-3818-999E-68F9D405B38C}
	EndProjectSection
EndProject
Project("{8BC9CEB8-8B4A-11D0-8D11-00A0C91BC942}") = "double-conversion", "double-conversion\double-conversion.vcxproj", "{FB6015D5-45ED-3C70-996A-6D66194546E5}"
	ProjectSection(ProjectDependencies) = postProject
		{7D4E33B4-9DC6-3818-999E-68F9D405B38C} = {7D4E33B4-9DC6-3818-999E-68F9D405B38C}
	EndProjectSection
EndProject
Project("{8BC9CEB8-8B4A-11D0-8D11-00A0C91BC942}") = "flip_lib", "flip_lib.vcxproj", "{8765F090-B0CD-3425-AB53-2D1FDAE9CCD0}"
	ProjectSection(ProjectDependencies) = postProject
		{7D4E33B4-9DC6-3818-999E-68F9D405B38C} = {7D4E33B4-9DC6-3818-999E-68F9D405B38C}
	EndProjectSection
EndProject
Project("{8BC9CEB8-8B4A-11D0-8D11-00A0C91BC942}") = "ftest", "ptex\src\tests\ftest.vcxproj", "{FF89EA08-C59E-3DF6-94EA-4A868B466789}"
	ProjectSection(ProjectDependencies) = postProject
		{F1C40E49-E1DF-3C01-89CE-9016BFA42985} = {F1C40E49-E1DF-3C01-89CE-9016BFA42985}
		{7D4E33B4-9DC6-3818-999E-68F9D405B38C} = {7D4E33B4-9DC6-3818-999E-68F9D405B38C}
		{77F9C542-F40B-34B0-90CD-77FAEF722D51} = {77F9C542-F40B-34B0-90CD-77FAEF722D51}
	EndProjectSection
EndProject
Project("{8BC9CEB8-8B4A-11D0-8D11-00A0C91BC942}") = "glad", "glad\glad.vcxproj", "{2763DD81-356D-33DD-8561-43AE51DE34CE}"
	ProjectSection(ProjectDependencies) = postProject
		{7D4E33B4-9DC6-3818-999E-68F9D405B38C} = {7D4E33B4-9DC6-3818-999E-68F9D405B38C}
	EndProjectSection
EndProject
Project("{8BC9CEB8-8B4A-11D0-8D11-00A0C91BC942}") = "glfw", "glfw\src\glfw.vcxproj", "{F774F08B-181B-35A3-B71F-860EBEFE2E46}"
	ProjectSection(ProjectDependencies) = postProject
		{7D4E33B4-9DC6-3818-999E-68F9D405B38C} = {7D4E33B4-9DC6-3818-999E-68F9D405B38C}
	EndProjectSection
EndProject
Project("{8BC9CEB8-8B4A-11D0-8D11-00A0C91BC942}") = "halftest", "ptex\src\tests\halftest.vcxproj", "{617A0FFB-3BB2-3E68-A06A-E396F273EC53}"
	ProjectSection(ProjectDependencies) = postProject
		{F1C40E49-E1DF-3C01-89CE-9016BFA42985} = {F1C40E49-E1DF-3C01-89CE-9016BFA42985}
		{7D4E33B4-9DC6-3818-999E-68F9D405B38C} = {7D4E33B4-9DC6-3818-999E-68F9D405B38C}
		{77F9C542-F40B-34B0-90CD-77FAEF722D51} = {77F9C542-F40B-34B0-90CD-77FAEF722D51}
	EndProjectSection
EndProject
Project("{8BC9CEB8-8B4A-11D0-8D11-00A0C91BC942}") = "ptxinfo", "ptex\src\utils\ptxinfo.vcxproj", "{F9594EF5-9FE6-3296-A252-35DAC21E4B0E}"
	ProjectSection(ProjectDependencies) = postProject
		{F1C40E49-E1DF-3C01-89CE-9016BFA42985} = {F1C40E49-E1DF-3C01-89CE-9016BFA42985}
		{7D4E33B4-9DC6-3818-999E-68F9D405B38C} = {7D4E33B4-9DC6-3818-999E-68F9D405B38C}
		{77F9C542-F40B-34B0-90CD-77FAEF722D51} = {77F9C542-F40B-34B0-90CD-77FAEF722D51}
	EndProjectSection
EndProject
Project("{8BC9CEB8-8B4A-11D0-8D11-00A0C91BC942}") = "rtest", "ptex\src\tests\rtest.vcxproj", "{64707058-FE44-37BA-8986-0A084AAEADAF}"
	ProjectSection(ProjectDependencies) = postProject
		{F1C40E49-E1DF-3C01-89CE-9016BFA42985} = {F1C40E49-E1DF-3C01-89CE-9016BFA42985}
		{7D4E33B4-9DC6-3818-999E-68F9D405B38C} = {7D4E33B4-9DC6-3818-999E-68F9D405B38C}
		{77F9C542-F40B-34B0-90CD-77FAEF722D51} = {77F9C542-F40B-34B0-90CD-77FAEF722D51}
	EndProjectSection
EndProject
Project("{8BC9CEB8-8B4A-11D0-8D11-00A0C91BC942}") = "uninstall", "glfw\uninstall.vcxproj", "{25AF1CF1-2552-349E-BAB9-FD05BFFE10A7}"
	ProjectSection(ProjectDependencies) = postProject
		{7D4E33B4-9DC6-3818-999E-68F9D405B38C} = {7D4E33B4-9DC6-3818-999E-68F9D405B38C}
	EndProjectSection
EndProject
Project("{8BC9CEB8-8B4A-11D0-8D11-00A0C91BC942}") = "update_mappings", "glfw\src\update_mappings.vcxproj", "{1C64E8ED-7895-3B08-B1B6-995B0B075853}"
	ProjectSection(ProjectDependencies) = postProject
		{7D4E33B4-9DC6-3818-999E-68F9D405B38C} = {7D4E33B4-9DC6-3818-999E-68F9D405B38C}
	EndProjectSection
EndProject
Project("{8BC9CEB8-8B4A-11D0-8D11-00A0C91BC942}") = "utf8proc", "utf8proc\utf8proc.vcxproj", "{41F27C94-1069-3D4C-9DE7-D65D02BE328F}"
	ProjectSection(ProjectDependencies) = postProject
		{7D4E33B4-9DC6-3818-999E-68F9D405B38C} = {7D4E33B4-9DC6-3818-999E-68F9D405B38C}
	EndProjectSection
EndProject
Project("{8BC9CEB8-8B4A-11D0-8D11-00A0C91BC942}") = "wtest", "ptex\src\tests\wtest.vcxproj", "{46EBA5CD-D50B-37B4-A77F-9BD5C6063206}"
	ProjectSection(ProjectDependencies) = postProject
		{F1C40E49-E1DF-3C01-89CE-9016BFA42985} = {F1C40E49-E1DF-3C01-89CE-9016BFA42985}
		{7D4E33B4-9DC6-3818-999E-68F9D405B38C} = {7D4E33B4-9DC6-3818-999E-68F9D405B38C}
		{77F9C542-F40B-34B0-90CD-77FAEF722D51} = {77F9C542-F40B-34B0-90CD-77FAEF722D51}
	EndProjectSection
EndProject
Project("{8BC9CEB8-8B4A-11D0-8D11-00A0C91BC942}") = "zlibstatic", "zlib\zlibstatic.vcxproj", "{77F9C542-F40B-34B0-90CD-77FAEF722D51}"
	ProjectSection(ProjectDependencies) = postProject
		{7D4E33B4-9DC6-3818-999E-68F9D405B38C} = {7D4E33B4-9DC6-3818-999E-68F9D405B38C}
	EndProjectSection
EndProject
Global
	GlobalSection(SolutionConfigurationPlatforms) = preSolution
		Debug|Win32 = Debug|Win32
		Release|Win32 = Release|Win32
		MinSizeRel|Win32 = MinSizeRel|Win32
		RelWithDebInfo|Win32 = RelWithDebInfo|Win32
	EndGlobalSection
	GlobalSection(ProjectConfigurationPlatforms) = postSolution
		{CBD67171-1EE3-3515-A7E4-2CF5D903A4D5}.Debug|Win32.ActiveCfg = Debug|Win32
		{CBD67171-1EE3-3515-A7E4-2CF5D903A4D5}.Debug|Win32.Build.0 = Debug|Win32
		{CBD67171-1EE3-3515-A7E4-2CF5D903A4D5}.Release|Win32.ActiveCfg = Release|Win32
		{CBD67171-1EE3-3515-A7E4-2CF5D903A4D5}.Release|Win32.Build.0 = Release|Win32
		{CBD67171-1EE3-3515-A7E4-2CF5D903A4D5}.MinSizeRel|Win32.ActiveCfg = MinSizeRel|Win32
		{CBD67171-1EE3-3515-A7E4-2CF5D903A4D5}.MinSizeRel|Win32.Build.0 = MinSizeRel|Win32
		{CBD67171-1EE3-3515-A7E4-2CF5D903A4D5}.RelWithDebInfo|Win32.ActiveCfg = RelWithDebInfo|Win32
		{CBD67171-1EE3-3515-A7E4-2CF5D903A4D5}.RelWithDebInfo|Win32.Build.0 = RelWithDebInfo|Win32
		{5BC93805-D808-3D73-85B9-87464BAFDEFE}.Debug|Win32.ActiveCfg = Debug|Win32
		{5BC93805-D808-3D73-85B9-87464BAFDEFE}.Release|Win32.ActiveCfg = Release|Win32
		{5BC93805-D808-3D73-85B9-87464BAFDEFE}.MinSizeRel|Win32.ActiveCfg = MinSizeRel|Win32
		{5BC93805-D808-3D73-85B9-87464BAFDEFE}.RelWithDebInfo|Win32.ActiveCfg = RelWithDebInfo|Win32
		{30EE4850-1DC7-3A52-B81A-8B7E929139D0}.Debug|Win32.ActiveCfg = Debug|Win32
		{30EE4850-1DC7-3A52-B81A-8B7E929139D0}.Release|Win32.ActiveCfg = Release|Win32
		{30EE4850-1DC7-3A52-B81A-8B7E929139D0}.MinSizeRel|Win32.ActiveCfg = MinSizeRel|Win32
		{30EE4850-1DC7-3A52-B81A-8B7E929139D0}.RelWithDebInfo|Win32.ActiveCfg = RelWithDebInfo|Win32
		{23EC26B1-0948-3950-B4E0-597D5C3C2E91}.Debug|Win32.ActiveCfg = Debug|Win32
		{23EC26B1-0948-3950-B4E0-597D5C3C2E91}.Debug|Win32.Build.0 = Debug|Win32
		{23EC26B1-0948-3950-B4E0-597D5C3C2E91}.Release|Win32.ActiveCfg = Release|Win32
		{23EC26B1-0948-3950-B4E0-597D5C3C2E91}.Release|Win32.Build.0 = Release|Win32
		{23EC26B1-0948-3950-B4E0-597D5C3C2E91}.MinSizeRel|Win32.ActiveCfg = MinSizeRel|Win32
		{23EC26B1-0948-3950-B4E0-597D5C3C2E91}.MinSizeRel|Win32.Build.0 = MinSizeRel|Win32
		{23EC26B1-0948-3950-B4E0-597D5C3C2E91}.RelWithDebInfo|Win32.ActiveCfg = RelWithDebInfo|Win32
		{23EC26B1-0948-3950-B4E0-597D5C3C2E91}.RelWithDebInfo|Win32.Build.0 = RelWithDebInfo|Win32
		{C3473EBD-7992-3480-9CA2-CB9CF858CAB1}.Debug|Win32.ActiveCfg = Debug|Win32
		{C3473EBD-7992-3480-9CA2-CB9CF858CAB1}.Debug|Win32.Build.0 = Debug|Win32
		{C3473EBD-7992-3480-9CA2-CB9CF858CAB1}.Release|Win32.ActiveCfg = Release|Win32
		{C3473EBD-7992-3480-9CA2-CB9CF858CAB1}.Release|Win32.Build.0 = Release|Win32
		{C3473EBD-7992-3480-9CA2-CB9CF858CAB1}.MinSizeRel|Win32.ActiveCfg = MinSizeRel|Win32
		{C3473EBD-7992-3480-9CA2-CB9CF858CAB1}.MinSizeRel|Win32.Build.0 = MinSizeRel|Win32
		{C3473EBD-7992-3480-9CA2-CB9CF858CAB1}.RelWithDebInfo|Win32.ActiveCfg = RelWithDebInfo|Win32
		{C3473EBD-7992-3480-9CA2-CB9CF858CAB1}.RelWithDebInfo|Win32.Build.0 = RelWithDebInfo|Win32
		{BC109823-7CA4-313C-9575-E148CCD07617}.Debug|Win32.ActiveCfg = Debug|Win32
		{BC109823-7CA4-313C-9575-E148CCD07617}.Release|Win32.ActiveCfg = Release|Win32
		{BC109823-7CA4-313C-9575-E148CCD07617}.MinSizeRel|Win32.ActiveCfg = MinSizeRel|Win32
		{BC109823-7CA4-313C-9575-E148CCD07617}.RelWithDebInfo|Win32.ActiveCfg = RelWithDebInfo|Win32
		{84A36E8E-89AD-32C8-B28B-E955E4D4B26E}.Debug|Win32.ActiveCfg = Debug|Win32
		{84A36E8E-89AD-32C8-B28B-E955E4D4B26E}.Debug|Win32.Build.0 = Debug|Win32
		{84A36E8E-89AD-32C8-B28B-E955E4D4B26E}.Release|Win32.ActiveCfg = Release|Win32
		{84A36E8E-89AD-32C8-B28B-E955E4D4B26E}.Release|Win32.Build.0 = Release|Win32
		{84A36E8E-89AD-32C8-B28B-E955E4D4B26E}.MinSizeRel|Win32.ActiveCfg = MinSizeRel|Win32
		{84A36E8E-89AD-32C8-B28B-E955E4D4B26E}.MinSizeRel|Win32.Build.0 = MinSizeRel|Win32
		{84A36E8E-89AD-32C8-B28B-E955E4D4B26E}.RelWithDebInfo|Win32.ActiveCfg = RelWithDebInfo|Win32
		{84A36E8E-89AD-32C8-B28B-E955E4D4B26E}.RelWithDebInfo|Win32.Build.0 = RelWithDebInfo|Win32
		{54A87C44-9468-32C9-8642-8A1A465E74EC}.Debug|Win32.ActiveCfg = Debug|Win32
		{54A87C44-9468-32C9-8642-8A1A465E74EC}.Debug|Win32.Build.0 = Debug|Win32
		{54A87C44-9468-32C9-8642-8A1A465E74EC}.Release|Win32.ActiveCfg = Release|Win32
		{54A87C44-9468-32C9-8642-8A1A465E74EC}.Release|Win32.Build.0 = Release|Win32
		{54A87C44-9468-32C9-8642-8A1A465E74EC}.MinSizeRel|Win32.ActiveCfg = MinSizeRel|Win32
		{54A87C44-9468-32C9-8642-8A1A465E74EC}.MinSizeRel|Win32.Build.0 = MinSizeRel|Win32
		{54A87C44-9468-32C9-8642-8A1A465E74EC}.RelWithDebInfo|Win32.ActiveCfg = RelWithDebInfo|Win32
		{54A87C44-9468-32C9-8642-8A1A465E74EC}.RelWithDebInfo|Win32.Build.0 = RelWithDebInfo|Win32
		{C7E66D0D-AE8F-3078-BAA3-D99F4C41ACB3}.Debug|Win32.ActiveCfg = Debug|Win32
		{C7E66D0D-AE8F-3078-BAA3-D99F4C41ACB3}.Debug|Win32.Build.0 = Debug|Win32
		{C7E66D0D-AE8F-3078-BAA3-D99F4C41ACB3}.Release|Win32.ActiveCfg = Release|Win32
		{C7E66D0D-AE8F-3078-BAA3-D99F4C41ACB3}.Release|Win32.Build.0 = Release|Win32
		{C7E66D0D-AE8F-3078-BAA3-D99F4C41ACB3}.MinSizeRel|Win32.ActiveCfg = MinSizeRel|Win32
		{C7E66D0D-AE8F-3078-BAA3-D99F4C41ACB3}.MinSizeRel|Win32.Build.0 = MinSizeRel|Win32
		{C7E66D0D-AE8F-3078-BAA3-D99F4C41ACB3}.RelWithDebInfo|Win32.ActiveCfg = RelWithDebInfo|Win32
		{C7E66D0D-AE8F-3078-BAA3-D99F4C41ACB3}.RelWithDebInfo|Win32.Build.0 = RelWithDebInfo|Win32
		{49B6DD27-752B-38BA-868C-16E54ACADC35}.Debug|Win32.ActiveCfg = Debug|Win32
		{49B6DD27-752B-38BA-868C-16E54ACADC35}.Debug|Win32.Build.0 = Debug|Win32
		{49B6DD27-752B-38BA-868C-16E54ACADC35}.Release|Win32.ActiveCfg = Release|Win32
		{49B6DD27-752B-38BA-868C-16E54ACADC35}.Release|Win32.Build.0 = Release|Win32
		{49B6DD27-752B-38BA-868C-16E54ACADC35}.MinSizeRel|Win32.ActiveCfg = MinSizeRel|Win32
		{49B6DD27-752B-38BA-868C-16E54ACADC35}.MinSizeRel|Win32.Build.0 = MinSizeRel|Win32
		{49B6DD27-752B-38BA-868C-16E54ACADC35}.RelWithDebInfo|Win32.ActiveCfg = RelWithDebInfo|Win32
		{49B6DD27-752B-38BA-868C-16E54ACADC35}.RelWithDebInfo|Win32.Build.0 = RelWithDebInfo|Win32
		{3D02A7A3-0B2E-357A-A040-08FE07F5BF7F}.Debug|Win32.ActiveCfg = Debug|Win32
		{3D02A7A3-0B2E-357A-A040-08FE07F5BF7F}.Debug|Win32.Build.0 = Debug|Win32
		{3D02A7A3-0B2E-357A-A040-08FE07F5BF7F}.Release|Win32.ActiveCfg = Release|Win32
		{3D02A7A3-0B2E-357A-A040-08FE07F5BF7F}.Release|Win32.Build.0 = Release|Win32
		{3D02A7A3-0B2E-357A-A040-08FE07F5BF7F}.MinSizeRel|Win32.ActiveCfg = MinSizeRel|Win32
		{3D02A7A3-0B2E-357A-A040-08FE07F5BF7F}.MinSizeRel|Win32.Build.0 = MinSizeRel|Win32
		{3D02A7A3-0B2E-357A-A040-08FE07F5BF7F}.RelWithDebInfo|Win32.ActiveCfg = RelWithDebInfo|Win32
		{3D02A7A3-0B2E-357A-A040-08FE07F5BF7F}.RelWithDebInfo|Win32.Build.0 = RelWithDebInfo|Win32
		{C2D9E3E8-B08F-3722-BA94-362A3CB87782}.Debug|Win32.ActiveCfg = Debug|Win32
		{C2D9E3E8-B08F-3722-BA94-362A3CB87782}.Debug|Win32.Build.0 = Debug|Win32
		{C2D9E3E8-B08F-3722-BA94-362A3CB87782}.Release|Win32.ActiveCfg = Release|Win32
		{C2D9E3E8-B08F-3722-BA94-362A3CB87782}.Release|Win32.Build.0 = Release|Win32
		{C2D9E3E8-B08F-3722-BA94-362A3CB87782}.MinSizeRel|Win32.ActiveCfg = MinSizeRel|Win32
		{C2D9E3E8-B08F-3722-BA94-362A3CB87782}.MinSizeRel|Win32.Build.0 = MinSizeRel|Win32
		{C2D9E3E8-B08F-3722-BA94-362A3CB87782}.RelWithDebInfo|Win32.ActiveCfg = RelWithDebInfo|Win32
		{C2D9E3E8-B08F-3722-BA94-362A3CB87782}.RelWithDebInfo|Win32.Build.0 = RelWithDebInfo|Win32
		{499D31D5-25B8-369D-A3E5-EDCE668E6D68}.Debug|Win32.ActiveCfg = Debug|Win32
		{499D31D5-25B8-369D-A3E5-EDCE668E6D68}.Debug|Win32.Build.0 = Debug|Win32
		{499D31D5-25B8-369D-A3E5-EDCE668E6D68}.Release|Win32.ActiveCfg = Release|Win32
		{499D31D5-25B8-369D-A3E5-EDCE668E6D68}.Release|Win32.Build.0 = Release|Win32
		{499D31D5-25B8-369D-A3E5-EDCE668E6D68}.MinSizeRel|Win32.ActiveCfg = MinSizeRel|Win32
		{499D31D5-25B8-369D-A3E5-EDCE668E6D68}.MinSizeRel|Win32.Build.0 = MinSizeRel|Win32
		{499D31D5-25B8-369D-A3E5-EDCE668E6D68}.RelWithDebInfo|Win32.ActiveCfg = RelWithDebInfo|Win32
		{499D31D5-25B8-369D-A3E5-EDCE668E6D68}.RelWithDebInfo|Win32.Build.0 = RelWithDebInfo|Win32
		{BDD137DF-B7DD-3818-AED6-973409ADC796}.Debug|Win32.ActiveCfg = Debug|Win32
		{BDD137DF-B7DD-3818-AED6-973409ADC796}.Debug|Win32.Build.0 = Debug|Win32
		{BDD137DF-B7DD-3818-AED6-973409ADC796}.Release|Win32.ActiveCfg = Release|Win32
		{BDD137DF-B7DD-3818-AED6-973409ADC796}.Release|Win32.Build.0 = Release|Win32
		{BDD137DF-B7DD-3818-AED6-973409ADC796}.MinSizeRel|Win32.ActiveCfg = MinSizeRel|Win32
		{BDD137DF-B7DD-3818-AED6-973409ADC796}.MinSizeRel|Win32.Build.0 = MinSizeRel|Win32
		{BDD137DF-B7DD-3818-AED6-973409ADC796}.RelWithDebInfo|Win32.ActiveCfg = RelWithDebInfo|Win32
		{BDD137DF-B7DD-3818-AED6-973409ADC796}.RelWithDebInfo|Win32.Build.0 = RelWithDebInfo|Win32
		{D10CFEC2-F279-3615-A924-265341F754CE}.Debug|Win32.ActiveCfg = Debug|Win32
		{D10CFEC2-F279-3615-A924-265341F754CE}.Debug|Win32.Build.0 = Debug|Win32
		{D10CFEC2-F279-3615-A924-265341F754CE}.Release|Win32.ActiveCfg = Release|Win32
		{D10CFEC2-F279-3615-A924-265341F754CE}.Release|Win32.Build.0 = Release|Win32
		{D10CFEC2-F279-3615-A924-265341F754CE}.MinSizeRel|Win32.ActiveCfg = MinSizeRel|Win32
		{D10CFEC2-F279-3615-A924-265341F754CE}.MinSizeRel|Win32.Build.0 = MinSizeRel|Win32
		{D10CFEC2-F279-3615-A924-265341F754CE}.RelWithDebInfo|Win32.ActiveCfg = RelWithDebInfo|Win32
		{D10CFEC2-F279-3615-A924-265341F754CE}.RelWithDebInfo|Win32.Build.0 = RelWithDebInfo|Win32
		{4CC59164-B6EF-3189-A875-2F7375D8E116}.Debug|Win32.ActiveCfg = Debug|Win32
		{4CC59164-B6EF-3189-A875-2F7375D8E116}.Debug|Win32.Build.0 = Debug|Win32
		{4CC59164-B6EF-3189-A875-2F7375D8E116}.Release|Win32.ActiveCfg = Release|Win32
		{4CC59164-B6EF-3189-A875-2F7375D8E116}.Release|Win32.Build.0 = Release|Win32
		{4CC59164-B6EF-3189-A875-2F7375D8E116}.MinSizeRel|Win32.ActiveCfg = MinSizeRel|Win32
		{4CC59164-B6EF-3189-A875-2F7375D8E116}.MinSizeRel|Win32.Build.0 = MinSizeRel|Win32
		{4CC59164-B6EF-3189-A875-2F7375D8E116}.RelWithDebInfo|Win32.ActiveCfg = RelWithDebInfo|Win32
		{4CC59164-B6EF-3189-A875-2F7375D8E116}.RelWithDebInfo|Win32.Build.0 = RelWithDebInfo|Win32
		{BB01C424-C260-3069-939F-5E57A37717CD}.Debug|Win32.ActiveCfg = Debug|Win32
		{BB01C424-C260-3069-939F-5E57A37717CD}.Debug|Win32.Build.0 = Debug|Win32
		{BB01C424-C260-3069-939F-5E57A37717CD}.Release|Win32.ActiveCfg = Release|Win32
		{BB01C424-C260-3069-939F-5E57A37717CD}.Release|Win32.Build.0 = Release|Win32
		{BB01C424-C260-3069-939F-5E57A37717CD}.MinSizeRel|Win32.ActiveCfg = MinSizeRel|Win32
		{BB01C424-C260-3069-939F-5E57A37717CD}.MinSizeRel|Win32.Build.0 = MinSizeRel|Win32
		{BB01C424-C260-3069-939F-5E57A37717CD}.RelWithDebInfo|Win32.ActiveCfg = RelWithDebInfo|Win32
		{BB01C424-C260-3069-939F-5E57A37717CD}.RelWithDebInfo|Win32.Build.0 = RelWithDebInfo|Win32
		{D162FD07-458A-38D8-BE44-159C84A3B274}.Debug|Win32.ActiveCfg = Debug|Win32
		{D162FD07-458A-38D8-BE44-159C84A3B274}.Release|Win32.ActiveCfg = Release|Win32
		{D162FD07-458A-38D8-BE44-159C84A3B274}.MinSizeRel|Win32.ActiveCfg = MinSizeRel|Win32
		{D162FD07-458A-38D8-BE44-159C84A3B274}.RelWithDebInfo|Win32.ActiveCfg = RelWithDebInfo|Win32
		{E543D57D-EF9D-3395-A962-D3F4B3605C66}.Debug|Win32.ActiveCfg = Debug|Win32
		{E543D57D-EF9D-3395-A962-D3F4B3605C66}.Release|Win32.ActiveCfg = Release|Win32
		{E543D57D-EF9D-3395-A962-D3F4B3605C66}.MinSizeRel|Win32.ActiveCfg = MinSizeRel|Win32
		{E543D57D-EF9D-3395-A962-D3F4B3605C66}.RelWithDebInfo|Win32.ActiveCfg = RelWithDebInfo|Win32
		{F1C40E49-E1DF-3C01-89CE-9016BFA42985}.Debug|Win32.ActiveCfg = Debug|Win32
		{F1C40E49-E1DF-3C01-89CE-9016BFA42985}.Debug|Win32.Build.0 = Debug|Win32
		{F1C40E49-E1DF-3C01-89CE-9016BFA42985}.Release|Win32.ActiveCfg = Release|Win32
		{F1C40E49-E1DF-3C01-89CE-9016BFA42985}.Release|Win32.Build.0 = Release|Win32
		{F1C40E49-E1DF-3C01-89CE-9016BFA42985}.MinSizeRel|Win32.ActiveCfg = MinSizeRel|Win32
		{F1C40E49-E1DF-3C01-89CE-9016BFA42985}.MinSizeRel|Win32.Build.0 = MinSizeRel|Win32
		{F1C40E49-E1DF-3C01-89CE-9016BFA42985}.RelWithDebInfo|Win32.ActiveCfg = RelWithDebInfo|Win32
		{F1C40E49-E1DF-3C01-89CE-9016BFA42985}.RelWithDebInfo|Win32.Build.0 = RelWithDebInfo|Win32
		{7D4E33B4-9DC6-3818-999E-68F9D405B38C}.Debug|Win32.ActiveCfg = Debug|Win32
		{7D4E33B4-9DC6-3818-999E-68F9D405B38C}.Debug|Win32.Build.0 = Debug|Win32
		{7D4E33B4-9DC6-3818-999E-68F9D405B38C}.Release|Win32.ActiveCfg = Release|Win32
		{7D4E33B4-9DC6-3818-999E-68F9D405B38C}.Release|Win32.Build.0 = Release|Win32
		{7D4E33B4-9DC6-3818-999E-68F9D405B38C}.MinSizeRel|Win32.ActiveCfg = MinSizeRel|Win32
		{7D4E33B4-9DC6-3818-999E-68F9D405B38C}.MinSizeRel|Win32.Build.0 = MinSizeRel|Win32
		{7D4E33B4-9DC6-3818-999E-68F9D405B38C}.RelWithDebInfo|Win32.ActiveCfg = RelWithDebInfo|Win32
		{7D4E33B4-9DC6-3818-999E-68F9D405B38C}.RelWithDebInfo|Win32.Build.0 = RelWithDebInfo|Win32
		{EC60C56C-EE1C-3ADE-BFD7-82263B281B4F}.Debug|Win32.ActiveCfg = Debug|Win32
		{EC60C56C-EE1C-3ADE-BFD7-82263B281B4F}.Debug|Win32.Build.0 = Debug|Win32
		{EC60C56C-EE1C-3ADE-BFD7-82263B281B4F}.Release|Win32.ActiveCfg = Release|Win32
		{EC60C56C-EE1C-3ADE-BFD7-82263B281B4F}.Release|Win32.Build.0 = Release|Win32
		{EC60C56C-EE1C-3ADE-BFD7-82263B281B4F}.MinSizeRel|Win32.ActiveCfg = MinSizeRel|Win32
		{EC60C56C-EE1C-3ADE-BFD7-82263B281B4F}.MinSizeRel|Win32.Build.0 = MinSizeRel|Win32
		{EC60C56C-EE1C-3ADE-BFD7-82263B281B4F}.RelWithDebInfo|Win32.ActiveCfg = RelWithDebInfo|Win32
		{EC60C56C-EE1C-3ADE-BFD7-82263B281B4F}.RelWithDebInfo|Win32.Build.0 = RelWithDebInfo|Win32
		{95C4CA1F-2CE0-374D-A1D3-D1933E9A93F8}.Debug|Win32.ActiveCfg = Debug|Win32
		{95C4CA1F-2CE0-374D-A1D3-D1933E9A93F8}.Debug|Win32.Build.0 = Debug|Win32
		{95C4CA1F-2CE0-374D-A1D3-D1933E9A93F8}.Release|Win32.ActiveCfg = Release|Win32
		{95C4CA1F-2CE0-374D-A1D3-D1933E9A93F8}.Release|Win32.Build.0 = Release|Win32
		{95C4CA1F-2CE0-374D-A1D3-D1933E9A93F8}.MinSizeRel|Win32.ActiveCfg = MinSizeRel|Win32
		{95C4CA1F-2CE0-374D-A1D3-D1933E9A93F8}.MinSizeRel|Win32.Build.0 = MinSizeRel|Win32
		{95C4CA1F-2CE0-374D-A1D3-D1933E9A93F8}.RelWithDebInfo|Win32.ActiveCfg = RelWithDebInfo|Win32
		{95C4CA1F-2CE0-374D-A1D3-D1933E9A93F8}.RelWithDebInfo|Win32.Build.0 = RelWithDebInfo|Win32
		{FB6015D5-45ED-3C70-996A-6D66194546E5}.Debug|Win32.ActiveCfg = Debug|Win32
		{FB6015D5-45ED-3C70-996A-6D66194546E5}.Debug|Win32.Build.0 = Debug|Win32
		{FB6015D5-45ED-3C70-996A-6D66194546E5}.Release|Win32.ActiveCfg = Release|Win32
		{FB6015D5-45ED-3C70-996A-6D66194546E5}.Release|Win32.Build.0 = Release|Win32
		{FB6015D5-45ED-3C70-996A-6D66194546E5}.MinSizeRel|Win32.ActiveCfg = MinSizeRel|Win32
		{FB6015D5-45ED-3C70-996A-6D66194546E5}.MinSizeRel|Win32.Build.0 = MinSizeRel|Win32
		{FB6015D5-45ED-3C70-996A-6D66194546E5}.RelWithDebInfo|Win32.ActiveCfg = RelWithDebInfo|Win32
		{FB6015D5-45ED-3C70-996A-6D66194546E5}.RelWithDebInfo|Win32.Build.0 = RelWithDebInfo|Win32
		{8765F090-B0CD-3425-AB53-2D1FDAE9CCD0}.Debug|Win32.ActiveCfg = Debug|Win32
		{8765F090-B0CD-3425-AB53-2D1FDAE9CCD0}.Debug|Win32.Build.0 = Debug|Win32
		{8765F090-B0CD-3425-AB53-2D1FDAE9CCD0}.Release|Win32.ActiveCfg = Release|Win32
		{8765F090-B0CD-3425-AB53-2D1FDAE9CCD0}.Release|Win32.Build.0 = Release|Win32
		{8765F090-B0CD-3425-AB53-2D1FDAE9CCD0}.MinSizeRel|Win32.ActiveCfg = MinSizeRel|Win32
		{8765F090-B0CD-3425-AB53-2D1FDAE9CCD0}.MinSizeRel|Win32.Build.0 = MinSizeRel|Win32
		{8765F090-B0CD-3425-AB53-2D1FDAE9CCD0}.RelWithDebInfo|Win32.ActiveCfg = RelWithDebInfo|Win32
		{8765F090-B0CD-3425-AB53-2D1FDAE9CCD0}.RelWithDebInfo|Win32.Build.0 = RelWithDebInfo|Win32
		{FF89EA08-C59E-3DF6-94EA-4A868B466789}.Debug|Win32.ActiveCfg = Debug|Win32
		{FF89EA08-C59E-3DF6-94EA-4A868B466789}.Debug|Win32.Build.0 = Debug|Win32
		{FF89EA08-C59E-3DF6-94EA-4A868B466789}.Release|Win32.ActiveCfg = Release|Win32
		{FF89EA08-C59E-3DF6-94EA-4A868B466789}.Release|Win32.Build.0 = Release|Win32
		{FF89EA08-C59E-3DF6-94EA-4A868B466789}.MinSizeRel|Win32.ActiveCfg = MinSizeRel|Win32
		{FF89EA08-C59E-3DF6-94EA-4A868B466789}.MinSizeRel|Win32.Build.0 = MinSizeRel|Win32
		{FF89EA08-C59E-3DF6-94EA-4A868B466789}.RelWithDebInfo|Win32.ActiveCfg = RelWithDebInfo|Win32
		{FF89EA08-C59E-3DF6-94EA-4A868B466789}.RelWithDebInfo|Win32.Build.0 = RelWithDebInfo|Win32
		{2763DD81-356D-33DD-8561-43AE51DE34CE}.Debug|Win32.ActiveCfg = Debug|Win32
		{2763DD81-356D-33DD-8561-43AE51DE34CE}.Debug|Win32.Build.0 = Debug|Win32
		{2763DD81-356D-33DD-8561-43AE51DE34CE}.Release|Win32.ActiveCfg = Release|Win32
		{2763DD81-356D-33DD-8561-43AE51DE34CE}.Release|Win32.Build.0 = Release|Win32
		{2763DD81-356D-33DD-8561-43AE51DE34CE}.MinSizeRel|Win32.ActiveCfg = MinSizeRel|Win32
		{2763DD81-356D-33DD-8561-43AE51DE34CE}.MinSizeRel|Win32.Build.0 = MinSizeRel|Win32
		{2763DD81-356D-33DD-8561-43AE51DE34CE}.RelWithDebInfo|Win32.ActiveCfg = RelWithDebInfo|Win32
		{2763DD81-356D-33DD-8561-43AE51DE34CE}.RelWithDebInfo|Win32.Build.0 = RelWithDebInfo|Win32
		{F774F08B-181B-35A3-B71F-860EBEFE2E46}.Debug|Win32.ActiveCfg = Debug|Win32
		{F774F08B-181B-35A3-B71F-860EBEFE2E46}.Debug|Win32.Build.0 = Debug|Win32
		{F774F08B-181B-35A3-B71F-860EBEFE2E46}.Release|Win32.ActiveCfg = Release|Win32
		{F774F08B-181B-35A3-B71F-860EBEFE2E46}.Release|Win32.Build.0 = Release|Win32
		{F774F08B-181B-35A3-B71F-860EBEFE2E46}.MinSizeRel|Win32.ActiveCfg = MinSizeRel|Win32
		{F774F08B-181B-35A3-B71F-860EBEFE2E46}.MinSizeRel|Win32.Build.0 = MinSizeRel|Win32
		{F774F08B-181B-35A3-B71F-860EBEFE2E46}.RelWithDebInfo|Win32.ActiveCfg = RelWithDebInfo|Win32
		{F774F08B-181B-35A3-B71F-860EBEFE2E46}.RelWithDebInfo|Win32.Build.0 = RelWithDebInfo|Win32
		{617A0FFB-3BB2-3E68-A06A-E396F273EC53}.Debug|Win32.ActiveCfg = Debug|Win32
		{617A0FFB-3BB2-3E68-A06A-E396F273EC53}.Debug|Win32.Build.0 = Debug|Win32
		{617A0FFB-3BB2-3E68-A06A-E396F273EC53}.Release|Win32.ActiveCfg = Release|Win32
		{617A0FFB-3BB2-3E68-A06A-E396F273EC53}.Release|Win32.Build.0 = Release|Win32
		{617A0FFB-3BB2-3E68-A06A-E396F273EC53}.MinSizeRel|Win32.ActiveCfg = MinSizeRel|Win32
		{617A0FFB-3BB2-3E68-A06A-E396F273EC53}.MinSizeRel|Win32.Build.0 = MinSizeRel|Win32
		{617A0FFB-3BB2-3E68-A06A-E396F273EC53}.RelWithDebInfo|Win32.ActiveCfg = RelWithDebInfo|Win32
		{617A0FFB-3BB2-3E68-A06A-E396F273EC53}.RelWithDebInfo|Win32.Build.0 = RelWithDebInfo|Win32
		{F9594EF5-9FE6-3296-A252-35DAC21E4B0E}.Debug|Win32.ActiveCfg = Debug|Win32
		{F9594EF5-9FE6-3296-A252-35DAC21E4B0E}.Debug|Win32.Build.0 = Debug|Win32
		{F9594EF5-9FE6-3296-A252-35DAC21E4B0E}.Release|Win32.ActiveCfg = Release|Win32
		{F9594EF5-9FE6-3296-A252-35DAC21E4B0E}.Release|Win32.Build.0 = Release|Win32
		{F9594EF5-9FE6-3296-A252-35DAC21E4B0E}.MinSizeRel|Win32.ActiveCfg = MinSizeRel|Win32
		{F9594EF5-9FE6-3296-A252-35DAC21E4B0E}.MinSizeRel|Win32.Build.0 = MinSizeRel|Win32
		{F9594EF5-9FE6-3296-A252-35DAC21E4B0E}.RelWithDebInfo|Win32.ActiveCfg = RelWithDebInfo|Win32
		{F9594EF5-9FE6-3296-A252-35DAC21E4B0E}.RelWithDebInfo|Win32.Build.0 = RelWithDebInfo|Win32
		{64707058-FE44-37BA-8986-0A084AAEADAF}.Debug|Win32.ActiveCfg = Debug|Win32
		{64707058-FE44-37BA-8986-0A084AAEADAF}.Debug|Win32.Build.0 = Debug|Win32
		{64707058-FE44-37BA-8986-0A084AAEADAF}.Release|Win32.ActiveCfg = Release|Win32
		{64707058-FE44-37BA-8986-0A084AAEADAF}.Release|Win32.Build.0 = Release|Win32
		{64707058-FE44-37BA-8986-0A084AAEADAF}.MinSizeRel|Win32.ActiveCfg = MinSizeRel|Win32
		{64707058-FE44-37BA-8986-0A084AAEADAF}.MinSizeRel|Win32.Build.0 = MinSizeRel|Win32
		{64707058-FE44-37BA-8986-0A084AAEADAF}.RelWithDebInfo|Win32.ActiveCfg = RelWithDebInfo|Win32
		{64707058-FE44-37BA-8986-0A084AAEADAF}.RelWithDebInfo|Win32.Build.0 = RelWithDebInfo|Win32
		{25AF1CF1-2552-349E-BAB9-FD05BFFE10A7}.Debug|Win32.ActiveCfg = Debug|Win32
		{25AF1CF1-2552-349E-BAB9-FD05BFFE10A7}.Release|Win32.ActiveCfg = Release|Win32
		{25AF1CF1-2552-349E-BAB9-FD05BFFE10A7}.MinSizeRel|Win32.ActiveCfg = MinSizeRel|Win32
		{25AF1CF1-2552-349E-BAB9-FD05BFFE10A7}.RelWithDebInfo|Win32.ActiveCfg = RelWithDebInfo|Win32
		{1C64E8ED-7895-3B08-B1B6-995B0B075853}.Debug|Win32.ActiveCfg = Debug|Win32
		{1C64E8ED-7895-3B08-B1B6-995B0B075853}.Release|Win32.ActiveCfg = Release|Win32
		{1C64E8ED-7895-3B08-B1B6-995B0B075853}.MinSizeRel|Win32.ActiveCfg = MinSizeRel|Win32
		{1C64E8ED-7895-3B08-B1B6-995B0B075853}.RelWithDebInfo|Win32.ActiveCfg = RelWithDebInfo|Win32
		{41F27C94-1069-3D4C-9DE7-D65D02BE328F}.Debug|Win32.ActiveCfg = Debug|Win32
		{41F27C94-1069-3D4C-9DE7-D65D02BE328F}.Debug|Win32.Build.0 = Debug|Win32
		{41F27C94-1069-3D4C-9DE7-D65D02BE328F}.Release|Win32.ActiveCfg = Release|Win32
		{41F27C94-1069-3D4C-9DE7-D65D02BE328F}.Release|Win32.Build.0 = Release|Win32
		{41F27C94-1069-3D4C-9DE7-D65D02BE328F}.MinSizeRel|Win32.ActiveCfg = MinSizeRel|Win32
		{41F27C94-1069-3D4C-9DE7-D65D02BE328F}.MinSizeRel|Win32.Build.0 = MinSizeRel|Win32
		{41F27C94-1069-3D4C-9DE7-D65D02BE328F}.RelWithDebInfo|Win32.ActiveCfg = RelWithDebInfo|Win32
		{41F27C94-1069-3D4C-9DE7-D65D02BE328F}.RelWithDebInfo|Win32.Build.0 = RelWithDebInfo|Win32
		{46EBA5CD-D50B-37B4-A77F-9BD5C6063206}.Debug|Win32.ActiveCfg = Debug|Win32
		{46EBA5CD-D50B-37B4-A77F-9BD5C6063206}.Debug|Win32.Build.0 = Debug|Win32
		{46EBA5CD-D50B-37B4-A77F-9BD5C6063206}.Release|Win32.ActiveCfg = Release|Win32
		{46EBA5CD-D50B-37B4-A77F-9BD5C6063206}.Release|Win32.Build.0 = Release|Win32
		{46EBA5CD-D50B-37B4-A77F-9BD5C6063206}.MinSizeRel|Win32.ActiveCfg = MinSizeRel|Win32
		{46EBA5CD-D50B-37B4-A77F-9BD5C6063206}.MinSizeRel|Win32.Build.0 = MinSizeRel|Win32
		{46EBA5CD-D50B-37B4-A77F-9BD5C6063206}.RelWithDebInfo|Win32.ActiveCfg = RelWithDebInfo|Win32
		{46EBA5CD-D50B-37B4-A77F-9BD5C6063206}.RelWithDebInfo|Win32.Build.0 = RelWithDebInfo|Win32
		{77F9C542-F40B-34B0-90CD-77FAEF722D51}.Debug|Win32.ActiveCfg = Debug|Win32
		{77F9C542-F40B-34B0-90CD-77FAEF722D51}.Debug|Win32.Build.0 = Debug|Win32
		{77F9C542-F40B-34B0-90CD-77FAEF722D51}.Release|Win32.ActiveCfg = Release|Win32
		{77F9C542-F40B-34B0-90CD-77FAEF722D51}.Release|Win32.Build.0 = Release|Win32
		{77F9C542-F40B-34B0-90CD-77FAEF722D51}.MinSizeRel|Win32.ActiveCfg = MinSizeRel|Win32
		{77F9C542-F40B-34B0-90CD-77FAEF722D51}.MinSizeRel|Win32.Build.0 = MinSizeRel|Win32
		{77F9C542-F40B-34B0-90CD-77FAEF722D51}.RelWithDebInfo|Win32.ActiveCfg = RelWithDebInfo|Win32
		{77F9C542-F40B-34B0-90CD-77FAEF722D51}.RelWithDebInfo|Win32.Build.0 = RelWithDebInfo|Win32
	EndGlobalSection
	GlobalSection(NestedProjects) = preSolution
		{CBD67171-1EE3-3515-A7E4-2CF5D903A4D5} = {5678FD15-9D47-3826-9ED4-BA1CC0FC2B5C}
		{BC109823-7CA4-313C-9575-E148CCD07617} = {5678FD15-9D47-3826-9ED4-BA1CC0FC2B5C}
		{7D4E33B4-9DC6-3818-999E-68F9D405B38C} = {5678FD15-9D47-3826-9ED4-BA1CC0FC2B5C}
		{5BC93805-D808-3D73-85B9-87464BAFDEFE} = {24A94FD7-72DD-39BA-A6FE-56FC2D372FAD}
		{30EE4850-1DC7-3A52-B81A-8B7E929139D0} = {24A94FD7-72DD-39BA-A6FE-56FC2D372FAD}
		{D162FD07-458A-38D8-BE44-159C84A3B274} = {24A94FD7-72DD-39BA-A6FE-56FC2D372FAD}
		{E543D57D-EF9D-3395-A962-D3F4B3605C66} = {24A94FD7-72DD-39BA-A6FE-56FC2D372FAD}
		{25AF1CF1-2552-349E-BAB9-FD05BFFE10A7} = {7E15EED8-7B67-3E0C-B0E9-1B5498C6C81D}
		{1C64E8ED-7895-3B08-B1B6-995B0B075853} = {7E15EED8-7B67-3E0C-B0E9-1B5498C6C81D}
		{1B005012-32A2-3DC3-B10D-D698BFDE02B1} = {C1D53C8E-8857-303C-9B51-09FB1F886D29}
		{CC173F23-21C6-36EF-9491-A60A5A07C92D} = {C1D53C8E-8857-303C-9B51-09FB1F886D29}
		{EC60C56C-EE1C-3ADE-BFD7-82263B281B4F} = {C1D53C8E-8857-303C-9B51-09FB1F886D29}
		{95C4CA1F-2CE0-374D-A1D3-D1933E9A93F8} = {C1D53C8E-8857-303C-9B51-09FB1F886D29}
		{FB6015D5-45ED-3C70-996A-6D66194546E5} = {C1D53C8E-8857-303C-9B51-09FB1F886D29}
		{8765F090-B0CD-3425-AB53-2D1FDAE9CCD0} = {C1D53C8E-8857-303C-9B51-09FB1F886D29}
		{2763DD81-356D-33DD-8561-43AE51DE34CE} = {C1D53C8E-8857-303C-9B51-09FB1F886D29}
		{F774F08B-181B-35A3-B71F-860EBEFE2E46} = {C1D53C8E-8857-303C-9B51-09FB1F886D29}
		{77F9C542-F40B-34B0-90CD-77FAEF722D51} = {C1D53C8E-8857-303C-9B51-09FB1F886D29}
		{23EC26B1-0948-3950-B4E0-597D5C3C2E91} = {1B005012-32A2-3DC3-B10D-D698BFDE02B1}
		{C3473EBD-7992-3480-9CA2-CB9CF858CAB1} = {1B005012-32A2-3DC3-B10D-D698BFDE02B1}
		{84A36E8E-89AD-32C8-B28B-E955E4D4B26E} = {1B005012-32A2-3DC3-B10D-D698BFDE02B1}
		{54A87C44-9468-32C9-8642-8A1A465E74EC} = {1B005012-32A2-3DC3-B10D-D698BFDE02B1}
		{C7E66D0D-AE8F-3078-BAA3-D99F4C41ACB3} = {1B005012-32A2-3DC3-B10D-D698BFDE02B1}
		{49B6DD27-752B-38BA-868C-16E54ACADC35} = {1B005012-32A2-3DC3-B10D-D698BFDE02B1}
		{3D02A7A3-0B2E-357A-A040-08FE07F5BF7F} = {1B005012-32A2-3DC3-B10D-D698BFDE02B1}
		{C2D9E3E8-B08F-3722-BA94-362A3CB87782} = {1B005012-32A2-3DC3-B10D-D698BFDE02B1}
		{499D31D5-25B8-369D-A3E5-EDCE668E6D68} = {1B005012-32A2-3DC3-B10D-D698BFDE02B1}
		{BDD137DF-B7DD-3818-AED6-973409ADC796} = {1B005012-32A2-3DC3-B10D-D698BFDE02B1}
		{D10CFEC2-F279-3615-A924-265341F754CE} = {1B005012-32A2-3DC3-B10D-D698BFDE02B1}
		{4CC59164-B6EF-3189-A875-2F7375D8E116} = {1B005012-32A2-3DC3-B10D-D698BFDE02B1}
		{BB01C424-C260-3069-939F-5E57A37717CD} = {1B005012-32A2-3DC3-B10D-D698BFDE02B1}
		{F1C40E49-E1DF-3C01-89CE-9016BFA42985} = {CC173F23-21C6-36EF-9491-A60A5A07C92D}
		{FF89EA08-C59E-3DF6-94EA-4A868B466789} = {CC173F23-21C6-36EF-9491-A60A5A07C92D}
		{617A0FFB-3BB2-3E68-A06A-E396F273EC53} = {CC173F23-21C6-36EF-9491-A60A5A07C92D}
		{F9594EF5-9FE6-3296-A252-35DAC21E4B0E} = {CC173F23-21C6-36EF-9491-A60A5A07C92D}
		{64707058-FE44-37BA-8986-0A084AAEADAF} = {CC173F23-21C6-36EF-9491-A60A5A07C92D}
		{46EBA5CD-D50B-37B4-A77F-9BD5C6063206} = {CC173F23-21C6-36EF-9491-A60A5A07C92D}
	EndGlobalSection
	GlobalSection(ExtensibilityGlobals) = postSolution
		SolutionGuid = {0182AA98-99E8-35E1-B3E8-50ED9D050561}
	EndGlobalSection
	GlobalSection(ExtensibilityAddIns) = postSolution
	EndGlobalSection
EndGlobal
